// !$*UTF8*$!
{
	archiveVersion = 1;
	classes = {
	};
	objectVersion = 51;
	objects = {

/* Begin PBXBuildFile section */
		38F8EE94C1D685739886AB98 /* Pods_FutagTests.framework in Frameworks */ = {isa = PBXBuildFile; fileRef = 2FBC8B7BB09E177E9E31C869 /* Pods_FutagTests.framework */; };
		5F0DA10C27B51B530030F0B8 /* FTDepartmentInfoViewController.swift in Sources */ = {isa = PBXBuildFile; fileRef = 5F0DA10B27B51B530030F0B8 /* FTDepartmentInfoViewController.swift */; };
		5F2B950A27CA5B8700426900 /* FTEventsWebViewScreenController.swift in Sources */ = {isa = PBXBuildFile; fileRef = 5F2B950927CA5B8700426900 /* FTEventsWebViewScreenController.swift */; };
		5F2B950D27CA634000426900 /* FTSettingsViewController.swift in Sources */ = {isa = PBXBuildFile; fileRef = 5F2B950C27CA634000426900 /* FTSettingsViewController.swift */; };
		5F2B950F27CA64A000426900 /* FTSettingsCell.swift in Sources */ = {isa = PBXBuildFile; fileRef = 5F2B950E27CA64A000426900 /* FTSettingsCell.swift */; };
		5F2B951227CA69BD00426900 /* FTAboutUsScreenController.swift in Sources */ = {isa = PBXBuildFile; fileRef = 5F2B951127CA69BD00426900 /* FTAboutUsScreenController.swift */; };
		5F2B951427CAE11800426900 /* FTForgotPasswordViewController.swift in Sources */ = {isa = PBXBuildFile; fileRef = 5F2B951327CAE11800426900 /* FTForgotPasswordViewController.swift */; };
		5F305EAD27AA90F2005A2CA5 /* FTCollectionViewLayout.swift in Sources */ = {isa = PBXBuildFile; fileRef = 5F305EAC27AA90F2005A2CA5 /* FTCollectionViewLayout.swift */; };
		5F305EAF27AA9160005A2CA5 /* FTMainScreenCell.swift in Sources */ = {isa = PBXBuildFile; fileRef = 5F305EAE27AA9160005A2CA5 /* FTMainScreenCell.swift */; };
		5F305EB127AA9FC4005A2CA5 /* FTBlogScreenCell.swift in Sources */ = {isa = PBXBuildFile; fileRef = 5F305EB027AA9FC4005A2CA5 /* FTBlogScreenCell.swift */; };
		5F305EB327AAA272005A2CA5 /* FTEventScreenCell.swift in Sources */ = {isa = PBXBuildFile; fileRef = 5F305EB227AAA272005A2CA5 /* FTEventScreenCell.swift */; };
		5F305EB527AAB3F2005A2CA5 /* FTSetProfileInfoViewController.swift in Sources */ = {isa = PBXBuildFile; fileRef = 5F305EB427AAB3F2005A2CA5 /* FTSetProfileInfoViewController.swift */; };
		5F305EB727AABAFB005A2CA5 /* FTSetPasswordViewController.swift in Sources */ = {isa = PBXBuildFile; fileRef = 5F305EB627AABAFB005A2CA5 /* FTSetPasswordViewController.swift */; };
		5F305EB927AAC193005A2CA5 /* FTExtrasScreenCell.swift in Sources */ = {isa = PBXBuildFile; fileRef = 5F305EB827AAC193005A2CA5 /* FTExtrasScreenCell.swift */; };
		5F305EBB27AAD5DA005A2CA5 /* DataService.swift in Sources */ = {isa = PBXBuildFile; fileRef = 5F305EBA27AAD5DA005A2CA5 /* DataService.swift */; };
		5F305EBD27AAFC0F005A2CA5 /* FTBlogTextScreenViewController.swift in Sources */ = {isa = PBXBuildFile; fileRef = 5F305EBC27AAFC0F005A2CA5 /* FTBlogTextScreenViewController.swift */; };
		5F305EC227AB1DA5005A2CA5 /* FTEventsTextScreenViewController.swift in Sources */ = {isa = PBXBuildFile; fileRef = 5F305EC127AB1DA5005A2CA5 /* FTEventsTextScreenViewController.swift */; };
		5F305EC427AB2204005A2CA5 /* FTMainScreenTextViewController.swift in Sources */ = {isa = PBXBuildFile; fileRef = 5F305EC327AB2204005A2CA5 /* FTMainScreenTextViewController.swift */; };
		5F35146E278A4A5D003F3097 /* AppDelegate.swift in Sources */ = {isa = PBXBuildFile; fileRef = 5F35146D278A4A5D003F3097 /* AppDelegate.swift */; };
		5F351470278A4A5D003F3097 /* SceneDelegate.swift in Sources */ = {isa = PBXBuildFile; fileRef = 5F35146F278A4A5D003F3097 /* SceneDelegate.swift */; };
		5F351472278A4A5D003F3097 /* ViewController.swift in Sources */ = {isa = PBXBuildFile; fileRef = 5F351471278A4A5D003F3097 /* ViewController.swift */; };
		5F351475278A4A5D003F3097 /* Main.storyboard in Resources */ = {isa = PBXBuildFile; fileRef = 5F351473278A4A5D003F3097 /* Main.storyboard */; };
		5F351477278A4A5F003F3097 /* Assets.xcassets in Resources */ = {isa = PBXBuildFile; fileRef = 5F351476278A4A5F003F3097 /* Assets.xcassets */; };
		5F35147A278A4A5F003F3097 /* LaunchScreen.storyboard in Resources */ = {isa = PBXBuildFile; fileRef = 5F351478278A4A5F003F3097 /* LaunchScreen.storyboard */; };
		5F351485278A4A5F003F3097 /* FutagTests.swift in Sources */ = {isa = PBXBuildFile; fileRef = 5F351484278A4A5F003F3097 /* FutagTests.swift */; };
		5F351490278A4A5F003F3097 /* FutagUITests.swift in Sources */ = {isa = PBXBuildFile; fileRef = 5F35148F278A4A5F003F3097 /* FutagUITests.swift */; };
		5F3514A5278A4B2E003F3097 /* Extensions.swift in Sources */ = {isa = PBXBuildFile; fileRef = 5F3514A4278A4B2E003F3097 /* Extensions.swift */; };
		5F3514A7278A4B38003F3097 /* Utilities.swift in Sources */ = {isa = PBXBuildFile; fileRef = 5F3514A6278A4B38003F3097 /* Utilities.swift */; };
		5F3514A9278A4B44003F3097 /* Constants.swift in Sources */ = {isa = PBXBuildFile; fileRef = 5F3514A8278A4B44003F3097 /* Constants.swift */; };
		5F3514AB278A4B59003F3097 /* UserService.swift in Sources */ = {isa = PBXBuildFile; fileRef = 5F3514AA278A4B59003F3097 /* UserService.swift */; };
		5F3514AD278A4B63003F3097 /* AuthService.swift in Sources */ = {isa = PBXBuildFile; fileRef = 5F3514AC278A4B63003F3097 /* AuthService.swift */; };
		5F3F3385278B793B002AD9EB /* FTRegisterViewController.swift in Sources */ = {isa = PBXBuildFile; fileRef = 5F3F3384278B793B002AD9EB /* FTRegisterViewController.swift */; };
		5F4CB93F27B2CF9600BE64C5 /* FTDepartmentsScreenViewController.swift in Sources */ = {isa = PBXBuildFile; fileRef = 5F4CB93E27B2CF9600BE64C5 /* FTDepartmentsScreenViewController.swift */; };
		5F4CB94127B2F54500BE64C5 /* FTDeparmentsCell.swift in Sources */ = {isa = PBXBuildFile; fileRef = 5F4CB94027B2F54500BE64C5 /* FTDeparmentsCell.swift */; };
		5F93388F27942CF200998668 /* User.swift in Sources */ = {isa = PBXBuildFile; fileRef = 5F93388E27942CF200998668 /* User.swift */; };
		5FB30DC9278B178800F34A23 /* BlackBoard.swift in Sources */ = {isa = PBXBuildFile; fileRef = 5FB30DC8278B178800F34A23 /* BlackBoard.swift */; };
		5FB30DCB278B2B8A00F34A23 /* FTRegisterOrLoginScreenViewController.swift in Sources */ = {isa = PBXBuildFile; fileRef = 5FB30DCA278B2B8A00F34A23 /* FTRegisterOrLoginScreenViewController.swift */; };
		5FB30DCD278B3DA600F34A23 /* FTMainTabBarControllerViewController.swift in Sources */ = {isa = PBXBuildFile; fileRef = 5FB30DCC278B3DA600F34A23 /* FTMainTabBarControllerViewController.swift */; };
		5FB30DCF278B3E5100F34A23 /* FTMainScreenViewController.swift in Sources */ = {isa = PBXBuildFile; fileRef = 5FB30DCE278B3E5100F34A23 /* FTMainScreenViewController.swift */; };
		5FB30DD1278B3E6400F34A23 /* FTBlogScreenViewController.swift in Sources */ = {isa = PBXBuildFile; fileRef = 5FB30DD0278B3E6400F34A23 /* FTBlogScreenViewController.swift */; };
		5FB30DD3278B3E7800F34A23 /* FTEventsScreenViewController.swift in Sources */ = {isa = PBXBuildFile; fileRef = 5FB30DD2278B3E7800F34A23 /* FTEventsScreenViewController.swift */; };
		5FB30DD5278B3E8800F34A23 /* FTProfileScreenViewController.swift in Sources */ = {isa = PBXBuildFile; fileRef = 5FB30DD4278B3E8800F34A23 /* FTProfileScreenViewController.swift */; };
		5FB30DD7278B3EA000F34A23 /* FTExtrasScreenViewController.swift in Sources */ = {isa = PBXBuildFile; fileRef = 5FB30DD6278B3EA000F34A23 /* FTExtrasScreenViewController.swift */; };
		5FB5194E27A192CC00D58F6D /* AuthenticationViewModel.swift in Sources */ = {isa = PBXBuildFile; fileRef = 5FB5194D27A192CC00D58F6D /* AuthenticationViewModel.swift */; };
		5FB5195027A1989500D58F6D /* ImageUploader.swift in Sources */ = {isa = PBXBuildFile; fileRef = 5FB5194F27A1989500D58F6D /* ImageUploader.swift */; };
		5FC34061278ADF34006CA4B1 /* GoogleService-Info.plist in Resources */ = {isa = PBXBuildFile; fileRef = 5FC34060278ADF34006CA4B1 /* GoogleService-Info.plist */; };
		5FC34078278AE764006CA4B1 /* FTOnBoardingScreen1ViewController.swift in Sources */ = {isa = PBXBuildFile; fileRef = 5FC34077278AE764006CA4B1 /* FTOnBoardingScreen1ViewController.swift */; };
		5FC3407A278AE770006CA4B1 /* FTOnBoardingScreen2ViewController.swift in Sources */ = {isa = PBXBuildFile; fileRef = 5FC34079278AE770006CA4B1 /* FTOnBoardingScreen2ViewController.swift */; };
		5FC3407C278AE783006CA4B1 /* FTOnBoardingScreen3ViewController.swift in Sources */ = {isa = PBXBuildFile; fileRef = 5FC3407B278AE783006CA4B1 /* FTOnBoardingScreen3ViewController.swift */; };
		5FC34080278AE828006CA4B1 /* blog.json in Resources */ = {isa = PBXBuildFile; fileRef = 5FC3407D278AE828006CA4B1 /* blog.json */; };
		5FC34081278AE828006CA4B1 /* giris.json in Resources */ = {isa = PBXBuildFile; fileRef = 5FC3407E278AE828006CA4B1 /* giris.json */; };
		5FC34082278AE828006CA4B1 /* takım.json in Resources */ = {isa = PBXBuildFile; fileRef = 5FC3407F278AE828006CA4B1 /* takım.json */; };
		5FE85D1827C797F70044E765 /* FTLoginScreenViewController.swift in Sources */ = {isa = PBXBuildFile; fileRef = 5FE85D1727C797F70044E765 /* FTLoginScreenViewController.swift */; };
		74BA047A6E768A1EDBE10DCB /* Pods_Futag_FutagUITests.framework in Frameworks */ = {isa = PBXBuildFile; fileRef = 98795C780D233C410DE60FEE /* Pods_Futag_FutagUITests.framework */; };
		C9592934B2DE0BCAD3570191 /* Pods_Futag.framework in Frameworks */ = {isa = PBXBuildFile; fileRef = BC2AD81E123858A1FFE0DA7B /* Pods_Futag.framework */; };
/* End PBXBuildFile section */

/* Begin PBXContainerItemProxy section */
		5F351481278A4A5F003F3097 /* PBXContainerItemProxy */ = {
			isa = PBXContainerItemProxy;
			containerPortal = 5F351462278A4A5D003F3097 /* Project object */;
			proxyType = 1;
			remoteGlobalIDString = 5F351469278A4A5D003F3097;
			remoteInfo = Futag;
		};
		5F35148C278A4A5F003F3097 /* PBXContainerItemProxy */ = {
			isa = PBXContainerItemProxy;
			containerPortal = 5F351462278A4A5D003F3097 /* Project object */;
			proxyType = 1;
			remoteGlobalIDString = 5F351469278A4A5D003F3097;
			remoteInfo = Futag;
		};
/* End PBXContainerItemProxy section */

/* Begin PBXFileReference section */
		0282D37B4DD0C9683E0CFA4A /* Pods-Futag-FutagUITests.debug.xcconfig */ = {isa = PBXFileReference; includeInIndex = 1; lastKnownFileType = text.xcconfig; name = "Pods-Futag-FutagUITests.debug.xcconfig"; path = "Target Support Files/Pods-Futag-FutagUITests/Pods-Futag-FutagUITests.debug.xcconfig"; sourceTree = "<group>"; };
		206DDBF340EA03EA74451197 /* Pods-Futag-FutagUITests.release.xcconfig */ = {isa = PBXFileReference; includeInIndex = 1; lastKnownFileType = text.xcconfig; name = "Pods-Futag-FutagUITests.release.xcconfig"; path = "Target Support Files/Pods-Futag-FutagUITests/Pods-Futag-FutagUITests.release.xcconfig"; sourceTree = "<group>"; };
		2204E092627F51072D5FBCFE /* Pods-FutagTests.debug.xcconfig */ = {isa = PBXFileReference; includeInIndex = 1; lastKnownFileType = text.xcconfig; name = "Pods-FutagTests.debug.xcconfig"; path = "Target Support Files/Pods-FutagTests/Pods-FutagTests.debug.xcconfig"; sourceTree = "<group>"; };
		2E110ACB0ADDFCFCD7487D44 /* Pods-Futag.debug.xcconfig */ = {isa = PBXFileReference; includeInIndex = 1; lastKnownFileType = text.xcconfig; name = "Pods-Futag.debug.xcconfig"; path = "Target Support Files/Pods-Futag/Pods-Futag.debug.xcconfig"; sourceTree = "<group>"; };
		2FBC8B7BB09E177E9E31C869 /* Pods_FutagTests.framework */ = {isa = PBXFileReference; explicitFileType = wrapper.framework; includeInIndex = 0; path = Pods_FutagTests.framework; sourceTree = BUILT_PRODUCTS_DIR; };
		5F0DA10B27B51B530030F0B8 /* FTDepartmentInfoViewController.swift */ = {isa = PBXFileReference; lastKnownFileType = sourcecode.swift; path = FTDepartmentInfoViewController.swift; sourceTree = "<group>"; };
		5F2B950927CA5B8700426900 /* FTEventsWebViewScreenController.swift */ = {isa = PBXFileReference; lastKnownFileType = sourcecode.swift; path = FTEventsWebViewScreenController.swift; sourceTree = "<group>"; };
		5F2B950C27CA634000426900 /* FTSettingsViewController.swift */ = {isa = PBXFileReference; lastKnownFileType = sourcecode.swift; path = FTSettingsViewController.swift; sourceTree = "<group>"; };
		5F2B950E27CA64A000426900 /* FTSettingsCell.swift */ = {isa = PBXFileReference; lastKnownFileType = sourcecode.swift; path = FTSettingsCell.swift; sourceTree = "<group>"; };
		5F2B951127CA69BD00426900 /* FTAboutUsScreenController.swift */ = {isa = PBXFileReference; lastKnownFileType = sourcecode.swift; path = FTAboutUsScreenController.swift; sourceTree = "<group>"; };
		5F2B951327CAE11800426900 /* FTForgotPasswordViewController.swift */ = {isa = PBXFileReference; lastKnownFileType = sourcecode.swift; path = FTForgotPasswordViewController.swift; sourceTree = "<group>"; };
		5F305EAC27AA90F2005A2CA5 /* FTCollectionViewLayout.swift */ = {isa = PBXFileReference; lastKnownFileType = sourcecode.swift; path = FTCollectionViewLayout.swift; sourceTree = "<group>"; };
		5F305EAE27AA9160005A2CA5 /* FTMainScreenCell.swift */ = {isa = PBXFileReference; lastKnownFileType = sourcecode.swift; path = FTMainScreenCell.swift; sourceTree = "<group>"; };
		5F305EB027AA9FC4005A2CA5 /* FTBlogScreenCell.swift */ = {isa = PBXFileReference; lastKnownFileType = sourcecode.swift; path = FTBlogScreenCell.swift; sourceTree = "<group>"; };
		5F305EB227AAA272005A2CA5 /* FTEventScreenCell.swift */ = {isa = PBXFileReference; lastKnownFileType = sourcecode.swift; path = FTEventScreenCell.swift; sourceTree = "<group>"; };
		5F305EB427AAB3F2005A2CA5 /* FTSetProfileInfoViewController.swift */ = {isa = PBXFileReference; lastKnownFileType = sourcecode.swift; path = FTSetProfileInfoViewController.swift; sourceTree = "<group>"; };
		5F305EB627AABAFB005A2CA5 /* FTSetPasswordViewController.swift */ = {isa = PBXFileReference; lastKnownFileType = sourcecode.swift; path = FTSetPasswordViewController.swift; sourceTree = "<group>"; };
		5F305EB827AAC193005A2CA5 /* FTExtrasScreenCell.swift */ = {isa = PBXFileReference; lastKnownFileType = sourcecode.swift; path = FTExtrasScreenCell.swift; sourceTree = "<group>"; };
		5F305EBA27AAD5DA005A2CA5 /* DataService.swift */ = {isa = PBXFileReference; lastKnownFileType = sourcecode.swift; path = DataService.swift; sourceTree = "<group>"; };
		5F305EBC27AAFC0F005A2CA5 /* FTBlogTextScreenViewController.swift */ = {isa = PBXFileReference; lastKnownFileType = sourcecode.swift; path = FTBlogTextScreenViewController.swift; sourceTree = "<group>"; };
		5F305EC127AB1DA5005A2CA5 /* FTEventsTextScreenViewController.swift */ = {isa = PBXFileReference; lastKnownFileType = sourcecode.swift; path = FTEventsTextScreenViewController.swift; sourceTree = "<group>"; };
		5F305EC327AB2204005A2CA5 /* FTMainScreenTextViewController.swift */ = {isa = PBXFileReference; lastKnownFileType = sourcecode.swift; path = FTMainScreenTextViewController.swift; sourceTree = "<group>"; };
		5F35146A278A4A5D003F3097 /* Futag.app */ = {isa = PBXFileReference; explicitFileType = wrapper.application; includeInIndex = 0; path = Futag.app; sourceTree = BUILT_PRODUCTS_DIR; };
		5F35146D278A4A5D003F3097 /* AppDelegate.swift */ = {isa = PBXFileReference; lastKnownFileType = sourcecode.swift; path = AppDelegate.swift; sourceTree = "<group>"; };
		5F35146F278A4A5D003F3097 /* SceneDelegate.swift */ = {isa = PBXFileReference; lastKnownFileType = sourcecode.swift; path = SceneDelegate.swift; sourceTree = "<group>"; };
		5F351471278A4A5D003F3097 /* ViewController.swift */ = {isa = PBXFileReference; lastKnownFileType = sourcecode.swift; path = ViewController.swift; sourceTree = "<group>"; };
		5F351474278A4A5D003F3097 /* Base */ = {isa = PBXFileReference; lastKnownFileType = file.storyboard; name = Base; path = Base.lproj/Main.storyboard; sourceTree = "<group>"; };
		5F351476278A4A5F003F3097 /* Assets.xcassets */ = {isa = PBXFileReference; lastKnownFileType = folder.assetcatalog; path = Assets.xcassets; sourceTree = "<group>"; };
		5F351479278A4A5F003F3097 /* Base */ = {isa = PBXFileReference; lastKnownFileType = file.storyboard; name = Base; path = Base.lproj/LaunchScreen.storyboard; sourceTree = "<group>"; };
		5F35147B278A4A5F003F3097 /* Info.plist */ = {isa = PBXFileReference; lastKnownFileType = text.plist.xml; path = Info.plist; sourceTree = "<group>"; };
		5F351480278A4A5F003F3097 /* FutagTests.xctest */ = {isa = PBXFileReference; explicitFileType = wrapper.cfbundle; includeInIndex = 0; path = FutagTests.xctest; sourceTree = BUILT_PRODUCTS_DIR; };
		5F351484278A4A5F003F3097 /* FutagTests.swift */ = {isa = PBXFileReference; lastKnownFileType = sourcecode.swift; path = FutagTests.swift; sourceTree = "<group>"; };
		5F351486278A4A5F003F3097 /* Info.plist */ = {isa = PBXFileReference; lastKnownFileType = text.plist.xml; path = Info.plist; sourceTree = "<group>"; };
		5F35148B278A4A5F003F3097 /* FutagUITests.xctest */ = {isa = PBXFileReference; explicitFileType = wrapper.cfbundle; includeInIndex = 0; path = FutagUITests.xctest; sourceTree = BUILT_PRODUCTS_DIR; };
		5F35148F278A4A5F003F3097 /* FutagUITests.swift */ = {isa = PBXFileReference; lastKnownFileType = sourcecode.swift; path = FutagUITests.swift; sourceTree = "<group>"; };
		5F351491278A4A5F003F3097 /* Info.plist */ = {isa = PBXFileReference; lastKnownFileType = text.plist.xml; path = Info.plist; sourceTree = "<group>"; };
		5F3514A4278A4B2E003F3097 /* Extensions.swift */ = {isa = PBXFileReference; lastKnownFileType = sourcecode.swift; path = Extensions.swift; sourceTree = "<group>"; };
		5F3514A6278A4B38003F3097 /* Utilities.swift */ = {isa = PBXFileReference; lastKnownFileType = sourcecode.swift; path = Utilities.swift; sourceTree = "<group>"; };
		5F3514A8278A4B44003F3097 /* Constants.swift */ = {isa = PBXFileReference; lastKnownFileType = sourcecode.swift; path = Constants.swift; sourceTree = "<group>"; };
		5F3514AA278A4B59003F3097 /* UserService.swift */ = {isa = PBXFileReference; lastKnownFileType = sourcecode.swift; path = UserService.swift; sourceTree = "<group>"; };
		5F3514AC278A4B63003F3097 /* AuthService.swift */ = {isa = PBXFileReference; lastKnownFileType = sourcecode.swift; path = AuthService.swift; sourceTree = "<group>"; };
		5F3F3384278B793B002AD9EB /* FTRegisterViewController.swift */ = {isa = PBXFileReference; lastKnownFileType = sourcecode.swift; path = FTRegisterViewController.swift; sourceTree = "<group>"; };
		5F4CB93E27B2CF9600BE64C5 /* FTDepartmentsScreenViewController.swift */ = {isa = PBXFileReference; lastKnownFileType = sourcecode.swift; path = FTDepartmentsScreenViewController.swift; sourceTree = "<group>"; };
		5F4CB94027B2F54500BE64C5 /* FTDeparmentsCell.swift */ = {isa = PBXFileReference; lastKnownFileType = sourcecode.swift; path = FTDeparmentsCell.swift; sourceTree = "<group>"; };
		5F65D58327CD75810052FB67 /* Futag.entitlements */ = {isa = PBXFileReference; lastKnownFileType = text.plist.entitlements; path = Futag.entitlements; sourceTree = "<group>"; };
		5F93388E27942CF200998668 /* User.swift */ = {isa = PBXFileReference; lastKnownFileType = sourcecode.swift; path = User.swift; sourceTree = "<group>"; };
		5FB30DC8278B178800F34A23 /* BlackBoard.swift */ = {isa = PBXFileReference; lastKnownFileType = sourcecode.swift; path = BlackBoard.swift; sourceTree = "<group>"; };
		5FB30DCA278B2B8A00F34A23 /* FTRegisterOrLoginScreenViewController.swift */ = {isa = PBXFileReference; lastKnownFileType = sourcecode.swift; path = FTRegisterOrLoginScreenViewController.swift; sourceTree = "<group>"; };
		5FB30DCC278B3DA600F34A23 /* FTMainTabBarControllerViewController.swift */ = {isa = PBXFileReference; lastKnownFileType = sourcecode.swift; path = FTMainTabBarControllerViewController.swift; sourceTree = "<group>"; };
		5FB30DCE278B3E5100F34A23 /* FTMainScreenViewController.swift */ = {isa = PBXFileReference; lastKnownFileType = sourcecode.swift; path = FTMainScreenViewController.swift; sourceTree = "<group>"; };
		5FB30DD0278B3E6400F34A23 /* FTBlogScreenViewController.swift */ = {isa = PBXFileReference; lastKnownFileType = sourcecode.swift; path = FTBlogScreenViewController.swift; sourceTree = "<group>"; };
		5FB30DD2278B3E7800F34A23 /* FTEventsScreenViewController.swift */ = {isa = PBXFileReference; lastKnownFileType = sourcecode.swift; path = FTEventsScreenViewController.swift; sourceTree = "<group>"; };
		5FB30DD4278B3E8800F34A23 /* FTProfileScreenViewController.swift */ = {isa = PBXFileReference; lastKnownFileType = sourcecode.swift; path = FTProfileScreenViewController.swift; sourceTree = "<group>"; };
		5FB30DD6278B3EA000F34A23 /* FTExtrasScreenViewController.swift */ = {isa = PBXFileReference; lastKnownFileType = sourcecode.swift; path = FTExtrasScreenViewController.swift; sourceTree = "<group>"; };
		5FB5194D27A192CC00D58F6D /* AuthenticationViewModel.swift */ = {isa = PBXFileReference; lastKnownFileType = sourcecode.swift; path = AuthenticationViewModel.swift; sourceTree = "<group>"; };
		5FB5194F27A1989500D58F6D /* ImageUploader.swift */ = {isa = PBXFileReference; lastKnownFileType = sourcecode.swift; path = ImageUploader.swift; sourceTree = "<group>"; };
		5FC34060278ADF34006CA4B1 /* GoogleService-Info.plist */ = {isa = PBXFileReference; fileEncoding = 4; lastKnownFileType = text.plist.xml; path = "GoogleService-Info.plist"; sourceTree = "<group>"; };
		5FC34077278AE764006CA4B1 /* FTOnBoardingScreen1ViewController.swift */ = {isa = PBXFileReference; lastKnownFileType = sourcecode.swift; path = FTOnBoardingScreen1ViewController.swift; sourceTree = "<group>"; };
		5FC34079278AE770006CA4B1 /* FTOnBoardingScreen2ViewController.swift */ = {isa = PBXFileReference; lastKnownFileType = sourcecode.swift; path = FTOnBoardingScreen2ViewController.swift; sourceTree = "<group>"; };
		5FC3407B278AE783006CA4B1 /* FTOnBoardingScreen3ViewController.swift */ = {isa = PBXFileReference; lastKnownFileType = sourcecode.swift; path = FTOnBoardingScreen3ViewController.swift; sourceTree = "<group>"; };
		5FC3407D278AE828006CA4B1 /* blog.json */ = {isa = PBXFileReference; fileEncoding = 4; lastKnownFileType = text.json; path = blog.json; sourceTree = "<group>"; };
		5FC3407E278AE828006CA4B1 /* giris.json */ = {isa = PBXFileReference; fileEncoding = 4; lastKnownFileType = text.json; path = giris.json; sourceTree = "<group>"; };
		5FC3407F278AE828006CA4B1 /* takım.json */ = {isa = PBXFileReference; fileEncoding = 4; lastKnownFileType = text.json; path = "takım.json"; sourceTree = "<group>"; };
		5FE85D1727C797F70044E765 /* FTLoginScreenViewController.swift */ = {isa = PBXFileReference; lastKnownFileType = sourcecode.swift; path = FTLoginScreenViewController.swift; sourceTree = "<group>"; };
		7011205713D8741BB6DBC46C /* Pods-FutagTests.release.xcconfig */ = {isa = PBXFileReference; includeInIndex = 1; lastKnownFileType = text.xcconfig; name = "Pods-FutagTests.release.xcconfig"; path = "Target Support Files/Pods-FutagTests/Pods-FutagTests.release.xcconfig"; sourceTree = "<group>"; };
		98795C780D233C410DE60FEE /* Pods_Futag_FutagUITests.framework */ = {isa = PBXFileReference; explicitFileType = wrapper.framework; includeInIndex = 0; path = Pods_Futag_FutagUITests.framework; sourceTree = BUILT_PRODUCTS_DIR; };
		B0077AB51BEE73B5D173E4AE /* Pods-Futag.release.xcconfig */ = {isa = PBXFileReference; includeInIndex = 1; lastKnownFileType = text.xcconfig; name = "Pods-Futag.release.xcconfig"; path = "Target Support Files/Pods-Futag/Pods-Futag.release.xcconfig"; sourceTree = "<group>"; };
		BC2AD81E123858A1FFE0DA7B /* Pods_Futag.framework */ = {isa = PBXFileReference; explicitFileType = wrapper.framework; includeInIndex = 0; path = Pods_Futag.framework; sourceTree = BUILT_PRODUCTS_DIR; };
/* End PBXFileReference section */

/* Begin PBXFrameworksBuildPhase section */
		5F351467278A4A5D003F3097 /* Frameworks */ = {
			isa = PBXFrameworksBuildPhase;
			buildActionMask = 2147483647;
			files = (
				C9592934B2DE0BCAD3570191 /* Pods_Futag.framework in Frameworks */,
			);
			runOnlyForDeploymentPostprocessing = 0;
		};
		5F35147D278A4A5F003F3097 /* Frameworks */ = {
			isa = PBXFrameworksBuildPhase;
			buildActionMask = 2147483647;
			files = (
				38F8EE94C1D685739886AB98 /* Pods_FutagTests.framework in Frameworks */,
			);
			runOnlyForDeploymentPostprocessing = 0;
		};
		5F351488278A4A5F003F3097 /* Frameworks */ = {
			isa = PBXFrameworksBuildPhase;
			buildActionMask = 2147483647;
			files = (
				74BA047A6E768A1EDBE10DCB /* Pods_Futag_FutagUITests.framework in Frameworks */,
			);
			runOnlyForDeploymentPostprocessing = 0;
		};
/* End PBXFrameworksBuildPhase section */

/* Begin PBXGroup section */
		5F2B950B27CA632B00426900 /* Settings */ = {
			isa = PBXGroup;
			children = (
				5F2B950C27CA634000426900 /* FTSettingsViewController.swift */,
				5F2B950E27CA64A000426900 /* FTSettingsCell.swift */,
			);
			path = Settings;
			sourceTree = "<group>";
		};
		5F2B951027CA699200426900 /* AboutUs */ = {
			isa = PBXGroup;
			children = (
				5F2B951127CA69BD00426900 /* FTAboutUsScreenController.swift */,
			);
			path = AboutUs;
			sourceTree = "<group>";
		};
		5F351461278A4A5D003F3097 = {
			isa = PBXGroup;
			children = (
				5F35146C278A4A5D003F3097 /* Futag */,
				5F351483278A4A5F003F3097 /* FutagTests */,
				5F35148E278A4A5F003F3097 /* FutagUITests */,
				5F35146B278A4A5D003F3097 /* Products */,
				F7FB5195F1ED73FD59F00E2D /* Pods */,
				A100763E4D07D08FF60722B4 /* Frameworks */,
			);
			sourceTree = "<group>";
		};
		5F35146B278A4A5D003F3097 /* Products */ = {
			isa = PBXGroup;
			children = (
				5F35146A278A4A5D003F3097 /* Futag.app */,
				5F351480278A4A5F003F3097 /* FutagTests.xctest */,
				5F35148B278A4A5F003F3097 /* FutagUITests.xctest */,
			);
			name = Products;
			sourceTree = "<group>";
		};
		5F35146C278A4A5D003F3097 /* Futag */ = {
			isa = PBXGroup;
			children = (
				5F65D58327CD75810052FB67 /* Futag.entitlements */,
				5F3514A3278A4AD7003F3097 /* Model */,
				5F3514A2278A4AC2003F3097 /* View */,
				5F3514A1278A4ABA003F3097 /* ViewModel */,
				5F35149F278A4A98003F3097 /* Controllers */,
				5F35149E278A4A91003F3097 /* API */,
				5F35149D278A4A87003F3097 /* Utils */,
				5F35146D278A4A5D003F3097 /* AppDelegate.swift */,
				5F35146F278A4A5D003F3097 /* SceneDelegate.swift */,
				5F351471278A4A5D003F3097 /* ViewController.swift */,
				5F351473278A4A5D003F3097 /* Main.storyboard */,
				5F351476278A4A5F003F3097 /* Assets.xcassets */,
				5F351478278A4A5F003F3097 /* LaunchScreen.storyboard */,
				5F35147B278A4A5F003F3097 /* Info.plist */,
				5FC34060278ADF34006CA4B1 /* GoogleService-Info.plist */,
			);
			path = Futag;
			sourceTree = "<group>";
		};
		5F351483278A4A5F003F3097 /* FutagTests */ = {
			isa = PBXGroup;
			children = (
				5F351484278A4A5F003F3097 /* FutagTests.swift */,
				5F351486278A4A5F003F3097 /* Info.plist */,
			);
			path = FutagTests;
			sourceTree = "<group>";
		};
		5F35148E278A4A5F003F3097 /* FutagUITests */ = {
			isa = PBXGroup;
			children = (
				5F35148F278A4A5F003F3097 /* FutagUITests.swift */,
				5F351491278A4A5F003F3097 /* Info.plist */,
			);
			path = FutagUITests;
			sourceTree = "<group>";
		};
		5F35149D278A4A87003F3097 /* Utils */ = {
			isa = PBXGroup;
			children = (
				5F3514A4278A4B2E003F3097 /* Extensions.swift */,
				5F3514A6278A4B38003F3097 /* Utilities.swift */,
				5F3514A8278A4B44003F3097 /* Constants.swift */,
				5FB30DC8278B178800F34A23 /* BlackBoard.swift */,
				5F305EAC27AA90F2005A2CA5 /* FTCollectionViewLayout.swift */,
				5FC3407D278AE828006CA4B1 /* blog.json */,
				5FC3407E278AE828006CA4B1 /* giris.json */,
				5FC3407F278AE828006CA4B1 /* takım.json */,
			);
			path = Utils;
			sourceTree = "<group>";
		};
		5F35149E278A4A91003F3097 /* API */ = {
			isa = PBXGroup;
			children = (
				5F3514AA278A4B59003F3097 /* UserService.swift */,
				5F3514AC278A4B63003F3097 /* AuthService.swift */,
				5FB5194F27A1989500D58F6D /* ImageUploader.swift */,
				5F305EBA27AAD5DA005A2CA5 /* DataService.swift */,
			);
			path = API;
			sourceTree = "<group>";
		};
		5F35149F278A4A98003F3097 /* Controllers */ = {
			isa = PBXGroup;
			children = (
				5F3514B5278A4C8D003F3097 /* ExtrasScreen */,
				5F3514B4278A4C74003F3097 /* ProfileScreen */,
				5F3514B3278A4C43003F3097 /* EventsScreen */,
				5F3514B2278A4C15003F3097 /* BlogScreen */,
				5F3514B1278A4C04003F3097 /* MainScreen */,
				5F3514B0278A4B96003F3097 /* Authentication */,
				5F3514AF278A4B73003F3097 /* OnBoardingScreen */,
				5FB30DCC278B3DA600F34A23 /* FTMainTabBarControllerViewController.swift */,
			);
			path = Controllers;
			sourceTree = "<group>";
		};
		5F3514A1278A4ABA003F3097 /* ViewModel */ = {
			isa = PBXGroup;
			children = (
				5FB5194D27A192CC00D58F6D /* AuthenticationViewModel.swift */,
			);
			path = ViewModel;
			sourceTree = "<group>";
		};
		5F3514A2278A4AC2003F3097 /* View */ = {
			isa = PBXGroup;
			children = (
			);
			path = View;
			sourceTree = "<group>";
		};
		5F3514A3278A4AD7003F3097 /* Model */ = {
			isa = PBXGroup;
			children = (
				5F93388E27942CF200998668 /* User.swift */,
			);
			path = Model;
			sourceTree = "<group>";
		};
		5F3514AF278A4B73003F3097 /* OnBoardingScreen */ = {
			isa = PBXGroup;
			children = (
				5FC34077278AE764006CA4B1 /* FTOnBoardingScreen1ViewController.swift */,
				5FC34079278AE770006CA4B1 /* FTOnBoardingScreen2ViewController.swift */,
				5FC3407B278AE783006CA4B1 /* FTOnBoardingScreen3ViewController.swift */,
			);
			path = OnBoardingScreen;
			sourceTree = "<group>";
		};
		5F3514B0278A4B96003F3097 /* Authentication */ = {
			isa = PBXGroup;
			children = (
				5FB30DCA278B2B8A00F34A23 /* FTRegisterOrLoginScreenViewController.swift */,
				5F3F3384278B793B002AD9EB /* FTRegisterViewController.swift */,
				5FE85D1727C797F70044E765 /* FTLoginScreenViewController.swift */,
				5F2B951327CAE11800426900 /* FTForgotPasswordViewController.swift */,
			);
			path = Authentication;
			sourceTree = "<group>";
		};
		5F3514B1278A4C04003F3097 /* MainScreen */ = {
			isa = PBXGroup;
			children = (
				5FB30DCE278B3E5100F34A23 /* FTMainScreenViewController.swift */,
				5F305EAE27AA9160005A2CA5 /* FTMainScreenCell.swift */,
				5F305EC327AB2204005A2CA5 /* FTMainScreenTextViewController.swift */,
			);
			path = MainScreen;
			sourceTree = "<group>";
		};
		5F3514B2278A4C15003F3097 /* BlogScreen */ = {
			isa = PBXGroup;
			children = (
				5FB30DD0278B3E6400F34A23 /* FTBlogScreenViewController.swift */,
				5F305EB027AA9FC4005A2CA5 /* FTBlogScreenCell.swift */,
				5F305EBC27AAFC0F005A2CA5 /* FTBlogTextScreenViewController.swift */,
			);
			path = BlogScreen;
			sourceTree = "<group>";
		};
		5F3514B3278A4C43003F3097 /* EventsScreen */ = {
			isa = PBXGroup;
			children = (
				5FB30DD2278B3E7800F34A23 /* FTEventsScreenViewController.swift */,
				5F305EB227AAA272005A2CA5 /* FTEventScreenCell.swift */,
				5F305EC127AB1DA5005A2CA5 /* FTEventsTextScreenViewController.swift */,
				5F2B950927CA5B8700426900 /* FTEventsWebViewScreenController.swift */,
			);
			path = EventsScreen;
			sourceTree = "<group>";
		};
		5F3514B4278A4C74003F3097 /* ProfileScreen */ = {
			isa = PBXGroup;
			children = (
				5FB30DD4278B3E8800F34A23 /* FTProfileScreenViewController.swift */,
				5F305EB427AAB3F2005A2CA5 /* FTSetProfileInfoViewController.swift */,
				5F305EB627AABAFB005A2CA5 /* FTSetPasswordViewController.swift */,
			);
			path = ProfileScreen;
			sourceTree = "<group>";
		};
		5F3514B5278A4C8D003F3097 /* ExtrasScreen */ = {
			isa = PBXGroup;
			children = (
				5F2B951027CA699200426900 /* AboutUs */,
				5F2B950B27CA632B00426900 /* Settings */,
				5F4CB93D27B2CF7700BE64C5 /* Departments */,
				5FB30DD6278B3EA000F34A23 /* FTExtrasScreenViewController.swift */,
				5F305EB827AAC193005A2CA5 /* FTExtrasScreenCell.swift */,
			);
			path = ExtrasScreen;
			sourceTree = "<group>";
		};
		5F4CB93D27B2CF7700BE64C5 /* Departments */ = {
			isa = PBXGroup;
			children = (
				5F4CB93E27B2CF9600BE64C5 /* FTDepartmentsScreenViewController.swift */,
				5F4CB94027B2F54500BE64C5 /* FTDeparmentsCell.swift */,
				5F0DA10B27B51B530030F0B8 /* FTDepartmentInfoViewController.swift */,
			);
			path = Departments;
			sourceTree = "<group>";
		};
		A100763E4D07D08FF60722B4 /* Frameworks */ = {
			isa = PBXGroup;
			children = (
				BC2AD81E123858A1FFE0DA7B /* Pods_Futag.framework */,
				98795C780D233C410DE60FEE /* Pods_Futag_FutagUITests.framework */,
				2FBC8B7BB09E177E9E31C869 /* Pods_FutagTests.framework */,
			);
			name = Frameworks;
			sourceTree = "<group>";
		};
		F7FB5195F1ED73FD59F00E2D /* Pods */ = {
			isa = PBXGroup;
			children = (
				2E110ACB0ADDFCFCD7487D44 /* Pods-Futag.debug.xcconfig */,
				B0077AB51BEE73B5D173E4AE /* Pods-Futag.release.xcconfig */,
				0282D37B4DD0C9683E0CFA4A /* Pods-Futag-FutagUITests.debug.xcconfig */,
				206DDBF340EA03EA74451197 /* Pods-Futag-FutagUITests.release.xcconfig */,
				2204E092627F51072D5FBCFE /* Pods-FutagTests.debug.xcconfig */,
				7011205713D8741BB6DBC46C /* Pods-FutagTests.release.xcconfig */,
			);
			path = Pods;
			sourceTree = "<group>";
		};
/* End PBXGroup section */

/* Begin PBXNativeTarget section */
		5F351469278A4A5D003F3097 /* Futag */ = {
			isa = PBXNativeTarget;
			buildConfigurationList = 5F351494278A4A5F003F3097 /* Build configuration list for PBXNativeTarget "Futag" */;
			buildPhases = (
				B4DAEA30868DEF0066A638CA /* [CP] Check Pods Manifest.lock */,
				5F351466278A4A5D003F3097 /* Sources */,
				5F351467278A4A5D003F3097 /* Frameworks */,
				5F351468278A4A5D003F3097 /* Resources */,
				7AB724B8DC4F5DA0A15A08A9 /* [CP] Embed Pods Frameworks */,
			);
			buildRules = (
			);
			dependencies = (
			);
			name = Futag;
			packageProductDependencies = (
			);
			productName = Futag;
			productReference = 5F35146A278A4A5D003F3097 /* Futag.app */;
			productType = "com.apple.product-type.application";
		};
		5F35147F278A4A5F003F3097 /* FutagTests */ = {
			isa = PBXNativeTarget;
			buildConfigurationList = 5F351497278A4A5F003F3097 /* Build configuration list for PBXNativeTarget "FutagTests" */;
			buildPhases = (
				1EDF60C6AE4E9F565378DCD1 /* [CP] Check Pods Manifest.lock */,
				5F35147C278A4A5F003F3097 /* Sources */,
				5F35147D278A4A5F003F3097 /* Frameworks */,
				5F35147E278A4A5F003F3097 /* Resources */,
			);
			buildRules = (
			);
			dependencies = (
				5F351482278A4A5F003F3097 /* PBXTargetDependency */,
			);
			name = FutagTests;
			productName = FutagTests;
			productReference = 5F351480278A4A5F003F3097 /* FutagTests.xctest */;
			productType = "com.apple.product-type.bundle.unit-test";
		};
		5F35148A278A4A5F003F3097 /* FutagUITests */ = {
			isa = PBXNativeTarget;
			buildConfigurationList = 5F35149A278A4A5F003F3097 /* Build configuration list for PBXNativeTarget "FutagUITests" */;
			buildPhases = (
				6C1B4BEA19C16E676C3599B4 /* [CP] Check Pods Manifest.lock */,
				5F351487278A4A5F003F3097 /* Sources */,
				5F351488278A4A5F003F3097 /* Frameworks */,
				5F351489278A4A5F003F3097 /* Resources */,
				A8165E5C8E4EB9CDD56FCC70 /* [CP] Embed Pods Frameworks */,
			);
			buildRules = (
			);
			dependencies = (
				5F35148D278A4A5F003F3097 /* PBXTargetDependency */,
			);
			name = FutagUITests;
			productName = FutagUITests;
			productReference = 5F35148B278A4A5F003F3097 /* FutagUITests.xctest */;
			productType = "com.apple.product-type.bundle.ui-testing";
		};
/* End PBXNativeTarget section */

/* Begin PBXProject section */
		5F351462278A4A5D003F3097 /* Project object */ = {
			isa = PBXProject;
			attributes = {
				LastSwiftUpdateCheck = 1250;
				LastUpgradeCheck = 1250;
				TargetAttributes = {
					5F351469278A4A5D003F3097 = {
						CreatedOnToolsVersion = 12.5.1;
					};
					5F35147F278A4A5F003F3097 = {
						CreatedOnToolsVersion = 12.5.1;
						TestTargetID = 5F351469278A4A5D003F3097;
					};
					5F35148A278A4A5F003F3097 = {
						CreatedOnToolsVersion = 12.5.1;
						TestTargetID = 5F351469278A4A5D003F3097;
					};
				};
			};
			buildConfigurationList = 5F351465278A4A5D003F3097 /* Build configuration list for PBXProject "Futag" */;
			compatibilityVersion = "Xcode 9.3";
			developmentRegion = en;
			hasScannedForEncodings = 0;
			knownRegions = (
				en,
				Base,
			);
			mainGroup = 5F351461278A4A5D003F3097;
			packageReferences = (
			);
			productRefGroup = 5F35146B278A4A5D003F3097 /* Products */;
			projectDirPath = "";
			projectRoot = "";
			targets = (
				5F351469278A4A5D003F3097 /* Futag */,
				5F35147F278A4A5F003F3097 /* FutagTests */,
				5F35148A278A4A5F003F3097 /* FutagUITests */,
			);
		};
/* End PBXProject section */

/* Begin PBXResourcesBuildPhase section */
		5F351468278A4A5D003F3097 /* Resources */ = {
			isa = PBXResourcesBuildPhase;
			buildActionMask = 2147483647;
			files = (
				5FC34082278AE828006CA4B1 /* takım.json in Resources */,
				5F35147A278A4A5F003F3097 /* LaunchScreen.storyboard in Resources */,
				5FC34061278ADF34006CA4B1 /* GoogleService-Info.plist in Resources */,
				5FC34081278AE828006CA4B1 /* giris.json in Resources */,
				5F351477278A4A5F003F3097 /* Assets.xcassets in Resources */,
				5F351475278A4A5D003F3097 /* Main.storyboard in Resources */,
				5FC34080278AE828006CA4B1 /* blog.json in Resources */,
			);
			runOnlyForDeploymentPostprocessing = 0;
		};
		5F35147E278A4A5F003F3097 /* Resources */ = {
			isa = PBXResourcesBuildPhase;
			buildActionMask = 2147483647;
			files = (
			);
			runOnlyForDeploymentPostprocessing = 0;
		};
		5F351489278A4A5F003F3097 /* Resources */ = {
			isa = PBXResourcesBuildPhase;
			buildActionMask = 2147483647;
			files = (
			);
			runOnlyForDeploymentPostprocessing = 0;
		};
/* End PBXResourcesBuildPhase section */

/* Begin PBXShellScriptBuildPhase section */
		1EDF60C6AE4E9F565378DCD1 /* [CP] Check Pods Manifest.lock */ = {
			isa = PBXShellScriptBuildPhase;
			buildActionMask = 2147483647;
			files = (
			);
			inputFileListPaths = (
			);
			inputPaths = (
				"${PODS_PODFILE_DIR_PATH}/Podfile.lock",
				"${PODS_ROOT}/Manifest.lock",
			);
			name = "[CP] Check Pods Manifest.lock";
			outputFileListPaths = (
			);
			outputPaths = (
				"$(DERIVED_FILE_DIR)/Pods-FutagTests-checkManifestLockResult.txt",
			);
			runOnlyForDeploymentPostprocessing = 0;
			shellPath = /bin/sh;
			shellScript = "diff \"${PODS_PODFILE_DIR_PATH}/Podfile.lock\" \"${PODS_ROOT}/Manifest.lock\" > /dev/null\nif [ $? != 0 ] ; then\n    # print error to STDERR\n    echo \"error: The sandbox is not in sync with the Podfile.lock. Run 'pod install' or update your CocoaPods installation.\" >&2\n    exit 1\nfi\n# This output is used by Xcode 'outputs' to avoid re-running this script phase.\necho \"SUCCESS\" > \"${SCRIPT_OUTPUT_FILE_0}\"\n";
			showEnvVarsInLog = 0;
		};
		6C1B4BEA19C16E676C3599B4 /* [CP] Check Pods Manifest.lock */ = {
			isa = PBXShellScriptBuildPhase;
			buildActionMask = 2147483647;
			files = (
			);
			inputFileListPaths = (
			);
			inputPaths = (
				"${PODS_PODFILE_DIR_PATH}/Podfile.lock",
				"${PODS_ROOT}/Manifest.lock",
			);
			name = "[CP] Check Pods Manifest.lock";
			outputFileListPaths = (
			);
			outputPaths = (
				"$(DERIVED_FILE_DIR)/Pods-Futag-FutagUITests-checkManifestLockResult.txt",
			);
			runOnlyForDeploymentPostprocessing = 0;
			shellPath = /bin/sh;
			shellScript = "diff \"${PODS_PODFILE_DIR_PATH}/Podfile.lock\" \"${PODS_ROOT}/Manifest.lock\" > /dev/null\nif [ $? != 0 ] ; then\n    # print error to STDERR\n    echo \"error: The sandbox is not in sync with the Podfile.lock. Run 'pod install' or update your CocoaPods installation.\" >&2\n    exit 1\nfi\n# This output is used by Xcode 'outputs' to avoid re-running this script phase.\necho \"SUCCESS\" > \"${SCRIPT_OUTPUT_FILE_0}\"\n";
			showEnvVarsInLog = 0;
		};
		7AB724B8DC4F5DA0A15A08A9 /* [CP] Embed Pods Frameworks */ = {
			isa = PBXShellScriptBuildPhase;
			buildActionMask = 2147483647;
			files = (
			);
			inputFileListPaths = (
				"${PODS_ROOT}/Target Support Files/Pods-Futag/Pods-Futag-frameworks-${CONFIGURATION}-input-files.xcfilelist",
			);
			name = "[CP] Embed Pods Frameworks";
			outputFileListPaths = (
				"${PODS_ROOT}/Target Support Files/Pods-Futag/Pods-Futag-frameworks-${CONFIGURATION}-output-files.xcfilelist",
			);
			runOnlyForDeploymentPostprocessing = 0;
			shellPath = /bin/sh;
			shellScript = "\"${PODS_ROOT}/Target Support Files/Pods-Futag/Pods-Futag-frameworks.sh\"\n";
			showEnvVarsInLog = 0;
		};
		A8165E5C8E4EB9CDD56FCC70 /* [CP] Embed Pods Frameworks */ = {
			isa = PBXShellScriptBuildPhase;
			buildActionMask = 2147483647;
			files = (
			);
			inputFileListPaths = (
				"${PODS_ROOT}/Target Support Files/Pods-Futag-FutagUITests/Pods-Futag-FutagUITests-frameworks-${CONFIGURATION}-input-files.xcfilelist",
			);
			name = "[CP] Embed Pods Frameworks";
			outputFileListPaths = (
				"${PODS_ROOT}/Target Support Files/Pods-Futag-FutagUITests/Pods-Futag-FutagUITests-frameworks-${CONFIGURATION}-output-files.xcfilelist",
			);
			runOnlyForDeploymentPostprocessing = 0;
			shellPath = /bin/sh;
			shellScript = "\"${PODS_ROOT}/Target Support Files/Pods-Futag-FutagUITests/Pods-Futag-FutagUITests-frameworks.sh\"\n";
			showEnvVarsInLog = 0;
		};
		B4DAEA30868DEF0066A638CA /* [CP] Check Pods Manifest.lock */ = {
			isa = PBXShellScriptBuildPhase;
			buildActionMask = 2147483647;
			files = (
			);
			inputFileListPaths = (
			);
			inputPaths = (
				"${PODS_PODFILE_DIR_PATH}/Podfile.lock",
				"${PODS_ROOT}/Manifest.lock",
			);
			name = "[CP] Check Pods Manifest.lock";
			outputFileListPaths = (
			);
			outputPaths = (
				"$(DERIVED_FILE_DIR)/Pods-Futag-checkManifestLockResult.txt",
			);
			runOnlyForDeploymentPostprocessing = 0;
			shellPath = /bin/sh;
			shellScript = "diff \"${PODS_PODFILE_DIR_PATH}/Podfile.lock\" \"${PODS_ROOT}/Manifest.lock\" > /dev/null\nif [ $? != 0 ] ; then\n    # print error to STDERR\n    echo \"error: The sandbox is not in sync with the Podfile.lock. Run 'pod install' or update your CocoaPods installation.\" >&2\n    exit 1\nfi\n# This output is used by Xcode 'outputs' to avoid re-running this script phase.\necho \"SUCCESS\" > \"${SCRIPT_OUTPUT_FILE_0}\"\n";
			showEnvVarsInLog = 0;
		};
/* End PBXShellScriptBuildPhase section */

/* Begin PBXSourcesBuildPhase section */
		5F351466278A4A5D003F3097 /* Sources */ = {
			isa = PBXSourcesBuildPhase;
			buildActionMask = 2147483647;
			files = (
				5FB30DD1278B3E6400F34A23 /* FTBlogScreenViewController.swift in Sources */,
				5F305EB527AAB3F2005A2CA5 /* FTSetProfileInfoViewController.swift in Sources */,
				5FE85D1827C797F70044E765 /* FTLoginScreenViewController.swift in Sources */,
				5FB30DC9278B178800F34A23 /* BlackBoard.swift in Sources */,
				5FB30DD5278B3E8800F34A23 /* FTProfileScreenViewController.swift in Sources */,
				5FC34078278AE764006CA4B1 /* FTOnBoardingScreen1ViewController.swift in Sources */,
				5FB5194E27A192CC00D58F6D /* AuthenticationViewModel.swift in Sources */,
				5F4CB94127B2F54500BE64C5 /* FTDeparmentsCell.swift in Sources */,
				5FB30DCB278B2B8A00F34A23 /* FTRegisterOrLoginScreenViewController.swift in Sources */,
				5F305EBB27AAD5DA005A2CA5 /* DataService.swift in Sources */,
				5F3514AB278A4B59003F3097 /* UserService.swift in Sources */,
				5F351472278A4A5D003F3097 /* ViewController.swift in Sources */,
				5FB30DD3278B3E7800F34A23 /* FTEventsScreenViewController.swift in Sources */,
				5F35146E278A4A5D003F3097 /* AppDelegate.swift in Sources */,
				5FC3407A278AE770006CA4B1 /* FTOnBoardingScreen2ViewController.swift in Sources */,
				5F305EB327AAA272005A2CA5 /* FTEventScreenCell.swift in Sources */,
				5F351470278A4A5D003F3097 /* SceneDelegate.swift in Sources */,
				5F3F3385278B793B002AD9EB /* FTRegisterViewController.swift in Sources */,
				5FB5195027A1989500D58F6D /* ImageUploader.swift in Sources */,
				5F2B951227CA69BD00426900 /* FTAboutUsScreenController.swift in Sources */,
				5F305EBD27AAFC0F005A2CA5 /* FTBlogTextScreenViewController.swift in Sources */,
				5F305EC427AB2204005A2CA5 /* FTMainScreenTextViewController.swift in Sources */,
				5F3514A7278A4B38003F3097 /* Utilities.swift in Sources */,
				5FB30DCD278B3DA600F34A23 /* FTMainTabBarControllerViewController.swift in Sources */,
				5F3514A5278A4B2E003F3097 /* Extensions.swift in Sources */,
				5FB30DCF278B3E5100F34A23 /* FTMainScreenViewController.swift in Sources */,
				5FB30DD7278B3EA000F34A23 /* FTExtrasScreenViewController.swift in Sources */,
				5F305EB127AA9FC4005A2CA5 /* FTBlogScreenCell.swift in Sources */,
				5FC3407C278AE783006CA4B1 /* FTOnBoardingScreen3ViewController.swift in Sources */,
				5F3514A9278A4B44003F3097 /* Constants.swift in Sources */,
				5F305EB927AAC193005A2CA5 /* FTExtrasScreenCell.swift in Sources */,
				5F305EAF27AA9160005A2CA5 /* FTMainScreenCell.swift in Sources */,
				5F2B951427CAE11800426900 /* FTForgotPasswordViewController.swift in Sources */,
				5F3514AD278A4B63003F3097 /* AuthService.swift in Sources */,
				5F305EAD27AA90F2005A2CA5 /* FTCollectionViewLayout.swift in Sources */,
				5F93388F27942CF200998668 /* User.swift in Sources */,
				5F305EB727AABAFB005A2CA5 /* FTSetPasswordViewController.swift in Sources */,
				5F2B950F27CA64A000426900 /* FTSettingsCell.swift in Sources */,
				5F2B950D27CA634000426900 /* FTSettingsViewController.swift in Sources */,
				5F0DA10C27B51B530030F0B8 /* FTDepartmentInfoViewController.swift in Sources */,
				5F305EC227AB1DA5005A2CA5 /* FTEventsTextScreenViewController.swift in Sources */,
				5F2B950A27CA5B8700426900 /* FTEventsWebViewScreenController.swift in Sources */,
				5F4CB93F27B2CF9600BE64C5 /* FTDepartmentsScreenViewController.swift in Sources */,
			);
			runOnlyForDeploymentPostprocessing = 0;
		};
		5F35147C278A4A5F003F3097 /* Sources */ = {
			isa = PBXSourcesBuildPhase;
			buildActionMask = 2147483647;
			files = (
				5F351485278A4A5F003F3097 /* FutagTests.swift in Sources */,
			);
			runOnlyForDeploymentPostprocessing = 0;
		};
		5F351487278A4A5F003F3097 /* Sources */ = {
			isa = PBXSourcesBuildPhase;
			buildActionMask = 2147483647;
			files = (
				5F351490278A4A5F003F3097 /* FutagUITests.swift in Sources */,
			);
			runOnlyForDeploymentPostprocessing = 0;
		};
/* End PBXSourcesBuildPhase section */

/* Begin PBXTargetDependency section */
		5F351482278A4A5F003F3097 /* PBXTargetDependency */ = {
			isa = PBXTargetDependency;
			target = 5F351469278A4A5D003F3097 /* Futag */;
			targetProxy = 5F351481278A4A5F003F3097 /* PBXContainerItemProxy */;
		};
		5F35148D278A4A5F003F3097 /* PBXTargetDependency */ = {
			isa = PBXTargetDependency;
			target = 5F351469278A4A5D003F3097 /* Futag */;
			targetProxy = 5F35148C278A4A5F003F3097 /* PBXContainerItemProxy */;
		};
/* End PBXTargetDependency section */

/* Begin PBXVariantGroup section */
		5F351473278A4A5D003F3097 /* Main.storyboard */ = {
			isa = PBXVariantGroup;
			children = (
				5F351474278A4A5D003F3097 /* Base */,
			);
			name = Main.storyboard;
			sourceTree = "<group>";
		};
		5F351478278A4A5F003F3097 /* LaunchScreen.storyboard */ = {
			isa = PBXVariantGroup;
			children = (
				5F351479278A4A5F003F3097 /* Base */,
			);
			name = LaunchScreen.storyboard;
			sourceTree = "<group>";
		};
/* End PBXVariantGroup section */

/* Begin XCBuildConfiguration section */
		5F351492278A4A5F003F3097 /* Debug */ = {
			isa = XCBuildConfiguration;
			buildSettings = {
				ALWAYS_SEARCH_USER_PATHS = NO;
				CLANG_ANALYZER_NONNULL = YES;
				CLANG_ANALYZER_NUMBER_OBJECT_CONVERSION = YES_AGGRESSIVE;
				CLANG_CXX_LANGUAGE_STANDARD = "gnu++14";
				CLANG_CXX_LIBRARY = "libc++";
				CLANG_ENABLE_MODULES = YES;
				CLANG_ENABLE_OBJC_ARC = YES;
				CLANG_ENABLE_OBJC_WEAK = YES;
				CLANG_WARN_BLOCK_CAPTURE_AUTORELEASING = YES;
				CLANG_WARN_BOOL_CONVERSION = YES;
				CLANG_WARN_COMMA = YES;
				CLANG_WARN_CONSTANT_CONVERSION = YES;
				CLANG_WARN_DEPRECATED_OBJC_IMPLEMENTATIONS = YES;
				CLANG_WARN_DIRECT_OBJC_ISA_USAGE = YES_ERROR;
				CLANG_WARN_DOCUMENTATION_COMMENTS = YES;
				CLANG_WARN_EMPTY_BODY = YES;
				CLANG_WARN_ENUM_CONVERSION = YES;
				CLANG_WARN_INFINITE_RECURSION = YES;
				CLANG_WARN_INT_CONVERSION = YES;
				CLANG_WARN_NON_LITERAL_NULL_CONVERSION = YES;
				CLANG_WARN_OBJC_IMPLICIT_RETAIN_SELF = YES;
				CLANG_WARN_OBJC_LITERAL_CONVERSION = YES;
				CLANG_WARN_OBJC_ROOT_CLASS = YES_ERROR;
				CLANG_WARN_QUOTED_INCLUDE_IN_FRAMEWORK_HEADER = YES;
				CLANG_WARN_RANGE_LOOP_ANALYSIS = YES;
				CLANG_WARN_STRICT_PROTOTYPES = YES;
				CLANG_WARN_SUSPICIOUS_MOVE = YES;
				CLANG_WARN_UNGUARDED_AVAILABILITY = YES_AGGRESSIVE;
				CLANG_WARN_UNREACHABLE_CODE = YES;
				CLANG_WARN__DUPLICATE_METHOD_MATCH = YES;
				COPY_PHASE_STRIP = NO;
				DEBUG_INFORMATION_FORMAT = dwarf;
				ENABLE_STRICT_OBJC_MSGSEND = YES;
				ENABLE_TESTABILITY = YES;
				GCC_C_LANGUAGE_STANDARD = gnu11;
				GCC_DYNAMIC_NO_PIC = NO;
				GCC_NO_COMMON_BLOCKS = YES;
				GCC_OPTIMIZATION_LEVEL = 0;
				GCC_PREPROCESSOR_DEFINITIONS = (
					"DEBUG=1",
					"$(inherited)",
				);
				GCC_WARN_64_TO_32_BIT_CONVERSION = YES;
				GCC_WARN_ABOUT_RETURN_TYPE = YES_ERROR;
				GCC_WARN_UNDECLARED_SELECTOR = YES;
				GCC_WARN_UNINITIALIZED_AUTOS = YES_AGGRESSIVE;
				GCC_WARN_UNUSED_FUNCTION = YES;
				GCC_WARN_UNUSED_VARIABLE = YES;
				IPHONEOS_DEPLOYMENT_TARGET = 14.5;
				MTL_ENABLE_DEBUG_INFO = INCLUDE_SOURCE;
				MTL_FAST_MATH = YES;
				ONLY_ACTIVE_ARCH = YES;
				SDKROOT = iphoneos;
				SWIFT_ACTIVE_COMPILATION_CONDITIONS = DEBUG;
				SWIFT_OPTIMIZATION_LEVEL = "-Onone";
			};
			name = Debug;
		};
		5F351493278A4A5F003F3097 /* Release */ = {
			isa = XCBuildConfiguration;
			buildSettings = {
				ALWAYS_SEARCH_USER_PATHS = NO;
				CLANG_ANALYZER_NONNULL = YES;
				CLANG_ANALYZER_NUMBER_OBJECT_CONVERSION = YES_AGGRESSIVE;
				CLANG_CXX_LANGUAGE_STANDARD = "gnu++14";
				CLANG_CXX_LIBRARY = "libc++";
				CLANG_ENABLE_MODULES = YES;
				CLANG_ENABLE_OBJC_ARC = YES;
				CLANG_ENABLE_OBJC_WEAK = YES;
				CLANG_WARN_BLOCK_CAPTURE_AUTORELEASING = YES;
				CLANG_WARN_BOOL_CONVERSION = YES;
				CLANG_WARN_COMMA = YES;
				CLANG_WARN_CONSTANT_CONVERSION = YES;
				CLANG_WARN_DEPRECATED_OBJC_IMPLEMENTATIONS = YES;
				CLANG_WARN_DIRECT_OBJC_ISA_USAGE = YES_ERROR;
				CLANG_WARN_DOCUMENTATION_COMMENTS = YES;
				CLANG_WARN_EMPTY_BODY = YES;
				CLANG_WARN_ENUM_CONVERSION = YES;
				CLANG_WARN_INFINITE_RECURSION = YES;
				CLANG_WARN_INT_CONVERSION = YES;
				CLANG_WARN_NON_LITERAL_NULL_CONVERSION = YES;
				CLANG_WARN_OBJC_IMPLICIT_RETAIN_SELF = YES;
				CLANG_WARN_OBJC_LITERAL_CONVERSION = YES;
				CLANG_WARN_OBJC_ROOT_CLASS = YES_ERROR;
				CLANG_WARN_QUOTED_INCLUDE_IN_FRAMEWORK_HEADER = YES;
				CLANG_WARN_RANGE_LOOP_ANALYSIS = YES;
				CLANG_WARN_STRICT_PROTOTYPES = YES;
				CLANG_WARN_SUSPICIOUS_MOVE = YES;
				CLANG_WARN_UNGUARDED_AVAILABILITY = YES_AGGRESSIVE;
				CLANG_WARN_UNREACHABLE_CODE = YES;
				CLANG_WARN__DUPLICATE_METHOD_MATCH = YES;
				COPY_PHASE_STRIP = NO;
				DEBUG_INFORMATION_FORMAT = "dwarf-with-dsym";
				ENABLE_NS_ASSERTIONS = NO;
				ENABLE_STRICT_OBJC_MSGSEND = YES;
				GCC_C_LANGUAGE_STANDARD = gnu11;
				GCC_NO_COMMON_BLOCKS = YES;
				GCC_WARN_64_TO_32_BIT_CONVERSION = YES;
				GCC_WARN_ABOUT_RETURN_TYPE = YES_ERROR;
				GCC_WARN_UNDECLARED_SELECTOR = YES;
				GCC_WARN_UNINITIALIZED_AUTOS = YES_AGGRESSIVE;
				GCC_WARN_UNUSED_FUNCTION = YES;
				GCC_WARN_UNUSED_VARIABLE = YES;
				IPHONEOS_DEPLOYMENT_TARGET = 14.5;
				MTL_ENABLE_DEBUG_INFO = NO;
				MTL_FAST_MATH = YES;
				SDKROOT = iphoneos;
				SWIFT_COMPILATION_MODE = wholemodule;
				SWIFT_OPTIMIZATION_LEVEL = "-O";
				VALIDATE_PRODUCT = YES;
			};
			name = Release;
		};
		5F351495278A4A5F003F3097 /* Debug */ = {
			isa = XCBuildConfiguration;
			baseConfigurationReference = 2E110ACB0ADDFCFCD7487D44 /* Pods-Futag.debug.xcconfig */;
			buildSettings = {
				ASSETCATALOG_COMPILER_APPICON_NAME = AppIcon;
				ASSETCATALOG_COMPILER_GLOBAL_ACCENT_COLOR_NAME = AccentColor;
				CODE_SIGN_ENTITLEMENTS = Futag/Futag.entitlements;
				CODE_SIGN_STYLE = Automatic;
				CURRENT_PROJECT_VERSION = 1.0.0;
				DEVELOPMENT_TEAM = PJ76Y6C4AM;
				INFOPLIST_FILE = Futag/Info.plist;
				IPHONEOS_DEPLOYMENT_TARGET = 13.0;
				LD_RUNPATH_SEARCH_PATHS = (
					"$(inherited)",
					"@executable_path/Frameworks",
				);
				MARKETING_VERSION = 1.0.0;
				PRODUCT_BUNDLE_IDENTIFIER = com.edorfs.Futag;
				PRODUCT_NAME = "$(TARGET_NAME)";
				SWIFT_VERSION = 5.0;
				TARGETED_DEVICE_FAMILY = 1;
			};
			name = Debug;
		};
		5F351496278A4A5F003F3097 /* Release */ = {
			isa = XCBuildConfiguration;
			baseConfigurationReference = B0077AB51BEE73B5D173E4AE /* Pods-Futag.release.xcconfig */;
			buildSettings = {
				ASSETCATALOG_COMPILER_APPICON_NAME = AppIcon;
				ASSETCATALOG_COMPILER_GLOBAL_ACCENT_COLOR_NAME = AccentColor;
				CODE_SIGN_ENTITLEMENTS = Futag/Futag.entitlements;
				CODE_SIGN_STYLE = Automatic;
				CURRENT_PROJECT_VERSION = 1.0.0;
				DEVELOPMENT_TEAM = PJ76Y6C4AM;
				INFOPLIST_FILE = Futag/Info.plist;
				IPHONEOS_DEPLOYMENT_TARGET = 13.0;
				LD_RUNPATH_SEARCH_PATHS = (
					"$(inherited)",
					"@executable_path/Frameworks",
				);
				MARKETING_VERSION = 1.0.0;
				PRODUCT_BUNDLE_IDENTIFIER = com.edorfs.Futag;
				PRODUCT_NAME = "$(TARGET_NAME)";
				SWIFT_VERSION = 5.0;
				TARGETED_DEVICE_FAMILY = 1;
			};
			name = Release;
		};
		5F351498278A4A5F003F3097 /* Debug */ = {
			isa = XCBuildConfiguration;
			baseConfigurationReference = 2204E092627F51072D5FBCFE /* Pods-FutagTests.debug.xcconfig */;
			buildSettings = {
				ALWAYS_EMBED_SWIFT_STANDARD_LIBRARIES = YES;
				BUNDLE_LOADER = "$(TEST_HOST)";
				CODE_SIGN_STYLE = Automatic;
				DEVELOPMENT_TEAM = PJ76Y6C4AM;
				INFOPLIST_FILE = FutagTests/Info.plist;
				IPHONEOS_DEPLOYMENT_TARGET = 14.5;
				LD_RUNPATH_SEARCH_PATHS = (
					"$(inherited)",
					"@executable_path/Frameworks",
					"@loader_path/Frameworks",
				);
				PRODUCT_BUNDLE_IDENTIFIER = com.edorfs.FutagTests;
				PRODUCT_NAME = "$(TARGET_NAME)";
				SWIFT_VERSION = 5.0;
				TARGETED_DEVICE_FAMILY = "1,2";
				TEST_HOST = "$(BUILT_PRODUCTS_DIR)/Futag.app/Futag";
			};
			name = Debug;
		};
		5F351499278A4A5F003F3097 /* Release */ = {
			isa = XCBuildConfiguration;
			baseConfigurationReference = 7011205713D8741BB6DBC46C /* Pods-FutagTests.release.xcconfig */;
			buildSettings = {
				ALWAYS_EMBED_SWIFT_STANDARD_LIBRARIES = YES;
				BUNDLE_LOADER = "$(TEST_HOST)";
				CODE_SIGN_STYLE = Automatic;
				DEVELOPMENT_TEAM = PJ76Y6C4AM;
				INFOPLIST_FILE = FutagTests/Info.plist;
				IPHONEOS_DEPLOYMENT_TARGET = 14.5;
				LD_RUNPATH_SEARCH_PATHS = (
					"$(inherited)",
					"@executable_path/Frameworks",
					"@loader_path/Frameworks",
				);
				PRODUCT_BUNDLE_IDENTIFIER = com.edorfs.FutagTests;
				PRODUCT_NAME = "$(TARGET_NAME)";
				SWIFT_VERSION = 5.0;
				TARGETED_DEVICE_FAMILY = "1,2";
				TEST_HOST = "$(BUILT_PRODUCTS_DIR)/Futag.app/Futag";
			};
			name = Release;
		};
		5F35149B278A4A5F003F3097 /* Debug */ = {
			isa = XCBuildConfiguration;
			baseConfigurationReference = 0282D37B4DD0C9683E0CFA4A /* Pods-Futag-FutagUITests.debug.xcconfig */;
			buildSettings = {
				ALWAYS_EMBED_SWIFT_STANDARD_LIBRARIES = YES;
				CODE_SIGN_STYLE = Automatic;
				DEVELOPMENT_TEAM = PJ76Y6C4AM;
				INFOPLIST_FILE = FutagUITests/Info.plist;
				LD_RUNPATH_SEARCH_PATHS = (
					"$(inherited)",
					"@executable_path/Frameworks",
					"@loader_path/Frameworks",
				);
				PRODUCT_BUNDLE_IDENTIFIER = com.edorfs.FutagUITests;
				PRODUCT_NAME = "$(TARGET_NAME)";
				SWIFT_VERSION = 5.0;
				TARGETED_DEVICE_FAMILY = "1,2";
				TEST_TARGET_NAME = Futag;
			};
			name = Debug;
		};
		5F35149C278A4A5F003F3097 /* Release */ = {
			isa = XCBuildConfiguration;
			baseConfigurationReference = 206DDBF340EA03EA74451197 /* Pods-Futag-FutagUITests.release.xcconfig */;
			buildSettings = {
				ALWAYS_EMBED_SWIFT_STANDARD_LIBRARIES = YES;
				CODE_SIGN_STYLE = Automatic;
				DEVELOPMENT_TEAM = PJ76Y6C4AM;
				INFOPLIST_FILE = FutagUITests/Info.plist;
				LD_RUNPATH_SEARCH_PATHS = (
					"$(inherited)",
					"@executable_path/Frameworks",
					"@loader_path/Frameworks",
				);
				PRODUCT_BUNDLE_IDENTIFIER = com.edorfs.FutagUITests;
				PRODUCT_NAME = "$(TARGET_NAME)";
				SWIFT_VERSION = 5.0;
				TARGETED_DEVICE_FAMILY = "1,2";
				TEST_TARGET_NAME = Futag;
			};
			name = Release;
		};
/* End XCBuildConfiguration section */

/* Begin XCConfigurationList section */
		5F351465278A4A5D003F3097 /* Build configuration list for PBXProject "Futag" */ = {
			isa = XCConfigurationList;
			buildConfigurations = (
				5F351492278A4A5F003F3097 /* Debug */,
				5F351493278A4A5F003F3097 /* Release */,
			);
			defaultConfigurationIsVisible = 0;
			defaultConfigurationName = Release;
		};
		5F351494278A4A5F003F3097 /* Build configuration list for PBXNativeTarget "Futag" */ = {
			isa = XCConfigurationList;
			buildConfigurations = (
				5F351495278A4A5F003F3097 /* Debug */,
				5F351496278A4A5F003F3097 /* Release */,
			);
			defaultConfigurationIsVisible = 0;
			defaultConfigurationName = Release;
		};
		5F351497278A4A5F003F3097 /* Build configuration list for PBXNativeTarget "FutagTests" */ = {
			isa = XCConfigurationList;
			buildConfigurations = (
				5F351498278A4A5F003F3097 /* Debug */,
				5F351499278A4A5F003F3097 /* Release */,
			);
			defaultConfigurationIsVisible = 0;
			defaultConfigurationName = Release;
		};
		5F35149A278A4A5F003F3097 /* Build configuration list for PBXNativeTarget "FutagUITests" */ = {
			isa = XCConfigurationList;
			buildConfigurations = (
				5F35149B278A4A5F003F3097 /* Debug */,
				5F35149C278A4A5F003F3097 /* Release */,
			);
			defaultConfigurationIsVisible = 0;
			defaultConfigurationName = Release;
		};
/* End XCConfigurationList section */
	};
	rootObject = 5F351462278A4A5D003F3097 /* Project object */;
}
